{
  "name": "@tektronix/keithley_instrument_libraries",
  "version": "0.16.0",
  "lockfileVersion": 3,
  "requires": true,
  "packages": {
    "": {
      "name": "@tektronix/keithley_instrument_libraries",
      "version": "0.16.0",
      "license": "ISC",
      "devDependencies": {
        "@tektronix/web-help-documents": "0.15.3"
      }
    },
    "node_modules/@tektronix/web-help-documents": {
      "version": "0.15.3",
      "resolved": "https://npm.pkg.github.com/download/@tektronix/web-help-documents/0.15.3/40050d721ba4c5abbd9605fd9bd0dddf3b0da886",
      "integrity": "sha512-2i32yLk6Gh6DgRHtJYAyQPvnlOghNiS549fDk0CPUqY/pvCt1BbWPyp9Cr1D43I7BPPFq+7o8kRHtjMRu25LmQ==",
      "dev": true
    }
  }
}
