{
  "name": "@tektronix/keithley_instrument_libraries",
  "version": "0.15.3",
  "lockfileVersion": 2,
  "requires": true,
  "packages": {
    "": {
      "name": "@tektronix/keithley_instrument_libraries",
      "version": "0.15.3",
      "license": "ISC",
      "devDependencies": {
        "@tektronix/web-help-documents": "0.15.0"
      }
    },
    "node_modules/@tektronix/web-help-documents": {
      "version": "0.15.0",
      "resolved": "https://npm.pkg.github.com/download/@tektronix/web-help-documents/0.15.0/bd2ba77f6c46d7a164d642ec92b599771dc780be",
      "integrity": "sha512-bG+NCkO0bKXmuZEHaclEZDszGzHf2gVBHR8X3Y7fwf0kBworwE8RojV9KGY+Qk58KTRPrW3uu5OWV2ZbbecpTA==",
      "dev": true,
      "license": "ISC"
    }
  },
  "dependencies": {
    "@tektronix/web-help-documents": {
      "version": "0.15.0",
      "resolved": "https://npm.pkg.github.com/download/@tektronix/web-help-documents/0.15.0/bd2ba77f6c46d7a164d642ec92b599771dc780be",
      "integrity": "sha512-bG+NCkO0bKXmuZEHaclEZDszGzHf2gVBHR8X3Y7fwf0kBworwE8RojV9KGY+Qk58KTRPrW3uu5OWV2ZbbecpTA==",
      "dev": true
    }
  }
}
